
Microsoft Visual Studio Solution File, Format Version 12.00
# Visual Studio Version 17
VisualStudioVersion = 17.0.31825.309
MinimumVisualStudioVersion = 10.0.40219.1
Project("{9A19103F-16F7-4668-BE54-9A1E7A4F7556}") = "OcelotGateway", "Gateways\OcelotGateway\OcelotGateway.csproj", "{A5F642A4-ACD8-499B-B3E3-0E34646E65C3}"
EndProject
Project("{2150E333-8FDC-42A3-9474-1A3956D46DE8}") = "Gateways", "Gateways", "{86EE7A5E-9B1A-4674-BB1C-01D718EFFB97}"
EndProject
Project("{2150E333-8FDC-42A3-9474-1A3956D46DE8}") = "Applications", "Applications", "{E3290C8A-EC7D-453C-80A7-8598154C690C}"
EndProject
Project("{E53339B2-1760-4266-BCC7-CA923CBCF16C}") = "docker-compose", "docker-compose.dcproj", "{AAF3CBC4-870E-47DE-A34E-C183CFE2ECF7}"
EndProject
Project("{9A19103F-16F7-4668-BE54-9A1E7A4F7556}") = "User.API", "User\User.API\User.API.csproj", "{58F0F63D-9AD0-4393-B4F0-35A6635B9EFA}"
EndProject
Project("{9A19103F-16F7-4668-BE54-9A1E7A4F7556}") = "Education.API", "Education\Education.API\Education.API.csproj", "{1D382AFD-2940-4ADA-929D-8832F47941C9}"
EndProject
Project("{9A19103F-16F7-4668-BE54-9A1E7A4F7556}") = "FurtherEducation.Common", "Common\FurtherEducation.Common\FurtherEducation.Common.csproj", "{3CEB7E08-07FE-4FE0-B76D-2DB4E2F83339}"
EndProject
Project("{9A19103F-16F7-4668-BE54-9A1E7A4F7556}") = "FurtherEducation.SharedModels", "Common\FurtherEducation.SharedModels\FurtherEducation.SharedModels.csproj", "{D88D1AA5-EB9A-4211-83DF-0FC4EA278A2C}"
EndProject
Project("{9A19103F-16F7-4668-BE54-9A1E7A4F7556}") = "FurtherEducation.Postgre", "Common\FurtherEducation.Postgre\FurtherEducation.Postgre.csproj", "{5A2C940F-8AA9-48CB-9B59-C99099C98C06}"
EndProject
Project("{9A19103F-16F7-4668-BE54-9A1E7A4F7556}") = "BffTokenHandler", "Gateways\BffTokenHandler\BffTokenHandler.csproj", "{139681F3-9E23-468E-AA4F-D25A8EC5578C}"
EndProject
Project("{2150E333-8FDC-42A3-9474-1A3956D46DE8}") = "Education", "Education", "{25A8AC8F-B191-415D-93B1-A7F4C80CA25E}"
EndProject
Project("{9A19103F-16F7-4668-BE54-9A1E7A4F7556}") = "Education.Domain", "Education\Education.Domain\Education.Domain.csproj", "{B55F2145-E657-46DB-AD7B-B391543D7699}"
EndProject
Project("{9A19103F-16F7-4668-BE54-9A1E7A4F7556}") = "Education.Infrastructure", "Education\Education.Infrastructure\Education.Infrastructure.csproj", "{C8F3E523-EC79-42F1-B955-2AEF462F5B25}"
EndProject
Project("{9A19103F-16F7-4668-BE54-9A1E7A4F7556}") = "Education.Application", "Education\Education.Application\Education.Application.csproj", "{03A9AFB3-9FF6-4791-A6F5-8177909EC1CF}"
EndProject
Project("{2150E333-8FDC-42A3-9474-1A3956D46DE8}") = "User", "User", "{C7E7F4CC-A82C-4ED1-B57B-2FE8B5DCD151}"
EndProject
Project("{9A19103F-16F7-4668-BE54-9A1E7A4F7556}") = "User.Application", "User\User.Application\User.Application.csproj", "{564D7D92-3C7D-4340-9A1F-351B391AF3FC}"
EndProject
Project("{9A19103F-16F7-4668-BE54-9A1E7A4F7556}") = "User.Infrastracture", "User\User.Infrastracture\User.Infrastracture.csproj", "{B1A97BDE-D9B5-4952-B82B-30255E1D46E4}"
EndProject
Project("{9A19103F-16F7-4668-BE54-9A1E7A4F7556}") = "User.Domain", "User\User.Domain\User.Domain.csproj", "{71FB70DE-7F55-4DFA-BD98-ECF8B29B911C}"
EndProject
Project("{2150E333-8FDC-42A3-9474-1A3956D46DE8}") = "Profile", "Profile", "{B0993071-2DC8-4A16-93A3-40BD108AC7C9}"
EndProject
Project("{9A19103F-16F7-4668-BE54-9A1E7A4F7556}") = "Profile.API", "Profile\Profile.API\Profile.API.csproj", "{5054C958-D696-4746-A88A-34C149C7B805}"
EndProject
Project("{9A19103F-16F7-4668-BE54-9A1E7A4F7556}") = "Profile.Application", "Profile\Profile.Application\Profile.Application.csproj", "{C0C95340-C6C2-4668-8CAE-9ED5DCAE2A97}"
EndProject
Project("{9A19103F-16F7-4668-BE54-9A1E7A4F7556}") = "Profile.Domain", "Profile\Profile.Domain\Profile.Domain.csproj", "{C34E20E7-F87F-4A10-8517-6B5370801394}"
EndProject
Project("{9A19103F-16F7-4668-BE54-9A1E7A4F7556}") = "Profile.Infrastracture", "Profile\Profile.Infrastracture\Profile.Infrastracture.csproj", "{98A1D8D8-59BA-4477-9010-0255E2C8EE63}"
EndProject
Project("{9A19103F-16F7-4668-BE54-9A1E7A4F7556}") = "Storage.API", "Storage.API\Storage.API.csproj", "{685B8A41-F742-4426-8214-DEE291B4D796}"
EndProject
Project("{2150E333-8FDC-42A3-9474-1A3956D46DE8}") = "Common", "Common", "{495A4BFF-87A3-4D46-8E99-247675C92353}"
EndProject
Global
	GlobalSection(SolutionConfigurationPlatforms) = preSolution
		Debug|Any CPU = Debug|Any CPU
		Release|Any CPU = Release|Any CPU
	EndGlobalSection
	GlobalSection(ProjectConfigurationPlatforms) = postSolution
		{A5F642A4-ACD8-499B-B3E3-0E34646E65C3}.Debug|Any CPU.ActiveCfg = Debug|Any CPU
		{A5F642A4-ACD8-499B-B3E3-0E34646E65C3}.Debug|Any CPU.Build.0 = Debug|Any CPU
		{A5F642A4-ACD8-499B-B3E3-0E34646E65C3}.Release|Any CPU.ActiveCfg = Release|Any CPU
		{A5F642A4-ACD8-499B-B3E3-0E34646E65C3}.Release|Any CPU.Build.0 = Release|Any CPU
		{AAF3CBC4-870E-47DE-A34E-C183CFE2ECF7}.Debug|Any CPU.ActiveCfg = Debug|Any CPU
		{AAF3CBC4-870E-47DE-A34E-C183CFE2ECF7}.Debug|Any CPU.Build.0 = Debug|Any CPU
		{AAF3CBC4-870E-47DE-A34E-C183CFE2ECF7}.Release|Any CPU.ActiveCfg = Release|Any CPU
		{AAF3CBC4-870E-47DE-A34E-C183CFE2ECF7}.Release|Any CPU.Build.0 = Release|Any CPU
		{58F0F63D-9AD0-4393-B4F0-35A6635B9EFA}.Debug|Any CPU.ActiveCfg = Debug|Any CPU
		{58F0F63D-9AD0-4393-B4F0-35A6635B9EFA}.Debug|Any CPU.Build.0 = Debug|Any CPU
		{58F0F63D-9AD0-4393-B4F0-35A6635B9EFA}.Release|Any CPU.ActiveCfg = Release|Any CPU
		{58F0F63D-9AD0-4393-B4F0-35A6635B9EFA}.Release|Any CPU.Build.0 = Release|Any CPU
		{1D382AFD-2940-4ADA-929D-8832F47941C9}.Debug|Any CPU.ActiveCfg = Debug|Any CPU
		{1D382AFD-2940-4ADA-929D-8832F47941C9}.Debug|Any CPU.Build.0 = Debug|Any CPU
		{1D382AFD-2940-4ADA-929D-8832F47941C9}.Release|Any CPU.ActiveCfg = Release|Any CPU
		{1D382AFD-2940-4ADA-929D-8832F47941C9}.Release|Any CPU.Build.0 = Release|Any CPU
		{3CEB7E08-07FE-4FE0-B76D-2DB4E2F83339}.Debug|Any CPU.ActiveCfg = Debug|Any CPU
		{3CEB7E08-07FE-4FE0-B76D-2DB4E2F83339}.Debug|Any CPU.Build.0 = Debug|Any CPU
		{3CEB7E08-07FE-4FE0-B76D-2DB4E2F83339}.Release|Any CPU.ActiveCfg = Release|Any CPU
		{3CEB7E08-07FE-4FE0-B76D-2DB4E2F83339}.Release|Any CPU.Build.0 = Release|Any CPU
		{D88D1AA5-EB9A-4211-83DF-0FC4EA278A2C}.Debug|Any CPU.ActiveCfg = Debug|Any CPU
		{D88D1AA5-EB9A-4211-83DF-0FC4EA278A2C}.Debug|Any CPU.Build.0 = Debug|Any CPU
		{D88D1AA5-EB9A-4211-83DF-0FC4EA278A2C}.Release|Any CPU.ActiveCfg = Release|Any CPU
		{D88D1AA5-EB9A-4211-83DF-0FC4EA278A2C}.Release|Any CPU.Build.0 = Release|Any CPU
		{5A2C940F-8AA9-48CB-9B59-C99099C98C06}.Debug|Any CPU.ActiveCfg = Debug|Any CPU
		{5A2C940F-8AA9-48CB-9B59-C99099C98C06}.Debug|Any CPU.Build.0 = Debug|Any CPU
		{5A2C940F-8AA9-48CB-9B59-C99099C98C06}.Release|Any CPU.ActiveCfg = Release|Any CPU
		{5A2C940F-8AA9-48CB-9B59-C99099C98C06}.Release|Any CPU.Build.0 = Release|Any CPU
		{139681F3-9E23-468E-AA4F-D25A8EC5578C}.Debug|Any CPU.ActiveCfg = Debug|Any CPU
		{139681F3-9E23-468E-AA4F-D25A8EC5578C}.Debug|Any CPU.Build.0 = Debug|Any CPU
		{139681F3-9E23-468E-AA4F-D25A8EC5578C}.Release|Any CPU.ActiveCfg = Release|Any CPU
		{139681F3-9E23-468E-AA4F-D25A8EC5578C}.Release|Any CPU.Build.0 = Release|Any CPU
		{B55F2145-E657-46DB-AD7B-B391543D7699}.Debug|Any CPU.ActiveCfg = Debug|Any CPU
		{B55F2145-E657-46DB-AD7B-B391543D7699}.Debug|Any CPU.Build.0 = Debug|Any CPU
		{B55F2145-E657-46DB-AD7B-B391543D7699}.Release|Any CPU.ActiveCfg = Release|Any CPU
		{B55F2145-E657-46DB-AD7B-B391543D7699}.Release|Any CPU.Build.0 = Release|Any CPU
		{C8F3E523-EC79-42F1-B955-2AEF462F5B25}.Debug|Any CPU.ActiveCfg = Debug|Any CPU
		{C8F3E523-EC79-42F1-B955-2AEF462F5B25}.Debug|Any CPU.Build.0 = Debug|Any CPU
		{C8F3E523-EC79-42F1-B955-2AEF462F5B25}.Release|Any CPU.ActiveCfg = Release|Any CPU
		{C8F3E523-EC79-42F1-B955-2AEF462F5B25}.Release|Any CPU.Build.0 = Release|Any CPU
		{03A9AFB3-9FF6-4791-A6F5-8177909EC1CF}.Debug|Any CPU.ActiveCfg = Debug|Any CPU
		{03A9AFB3-9FF6-4791-A6F5-8177909EC1CF}.Debug|Any CPU.Build.0 = Debug|Any CPU
		{03A9AFB3-9FF6-4791-A6F5-8177909EC1CF}.Release|Any CPU.ActiveCfg = Release|Any CPU
		{03A9AFB3-9FF6-4791-A6F5-8177909EC1CF}.Release|Any CPU.Build.0 = Release|Any CPU
		{564D7D92-3C7D-4340-9A1F-351B391AF3FC}.Debug|Any CPU.ActiveCfg = Debug|Any CPU
		{564D7D92-3C7D-4340-9A1F-351B391AF3FC}.Debug|Any CPU.Build.0 = Debug|Any CPU
		{564D7D92-3C7D-4340-9A1F-351B391AF3FC}.Release|Any CPU.ActiveCfg = Release|Any CPU
		{564D7D92-3C7D-4340-9A1F-351B391AF3FC}.Release|Any CPU.Build.0 = Release|Any CPU
		{B1A97BDE-D9B5-4952-B82B-30255E1D46E4}.Debug|Any CPU.ActiveCfg = Debug|Any CPU
		{B1A97BDE-D9B5-4952-B82B-30255E1D46E4}.Debug|Any CPU.Build.0 = Debug|Any CPU
		{B1A97BDE-D9B5-4952-B82B-30255E1D46E4}.Release|Any CPU.ActiveCfg = Release|Any CPU
		{B1A97BDE-D9B5-4952-B82B-30255E1D46E4}.Release|Any CPU.Build.0 = Release|Any CPU
		{71FB70DE-7F55-4DFA-BD98-ECF8B29B911C}.Debug|Any CPU.ActiveCfg = Debug|Any CPU
		{71FB70DE-7F55-4DFA-BD98-ECF8B29B911C}.Debug|Any CPU.Build.0 = Debug|Any CPU
		{71FB70DE-7F55-4DFA-BD98-ECF8B29B911C}.Release|Any CPU.ActiveCfg = Release|Any CPU
		{71FB70DE-7F55-4DFA-BD98-ECF8B29B911C}.Release|Any CPU.Build.0 = Release|Any CPU
		{5054C958-D696-4746-A88A-34C149C7B805}.Debug|Any CPU.ActiveCfg = Debug|Any CPU
		{5054C958-D696-4746-A88A-34C149C7B805}.Debug|Any CPU.Build.0 = Debug|Any CPU
		{5054C958-D696-4746-A88A-34C149C7B805}.Release|Any CPU.ActiveCfg = Release|Any CPU
		{5054C958-D696-4746-A88A-34C149C7B805}.Release|Any CPU.Build.0 = Release|Any CPU
		{C0C95340-C6C2-4668-8CAE-9ED5DCAE2A97}.Debug|Any CPU.ActiveCfg = Debug|Any CPU
		{C0C95340-C6C2-4668-8CAE-9ED5DCAE2A97}.Debug|Any CPU.Build.0 = Debug|Any CPU
		{C0C95340-C6C2-4668-8CAE-9ED5DCAE2A97}.Release|Any CPU.ActiveCfg = Release|Any CPU
		{C0C95340-C6C2-4668-8CAE-9ED5DCAE2A97}.Release|Any CPU.Build.0 = Release|Any CPU
		{C34E20E7-F87F-4A10-8517-6B5370801394}.Debug|Any CPU.ActiveCfg = Debug|Any CPU
		{C34E20E7-F87F-4A10-8517-6B5370801394}.Debug|Any CPU.Build.0 = Debug|Any CPU
		{C34E20E7-F87F-4A10-8517-6B5370801394}.Release|Any CPU.ActiveCfg = Release|Any CPU
		{C34E20E7-F87F-4A10-8517-6B5370801394}.Release|Any CPU.Build.0 = Release|Any CPU
		{98A1D8D8-59BA-4477-9010-0255E2C8EE63}.Debug|Any CPU.ActiveCfg = Debug|Any CPU
		{98A1D8D8-59BA-4477-9010-0255E2C8EE63}.Debug|Any CPU.Build.0 = Debug|Any CPU
		{98A1D8D8-59BA-4477-9010-0255E2C8EE63}.Release|Any CPU.ActiveCfg = Release|Any CPU
		{98A1D8D8-59BA-4477-9010-0255E2C8EE63}.Release|Any CPU.Build.0 = Release|Any CPU
		{685B8A41-F742-4426-8214-DEE291B4D796}.Debug|Any CPU.ActiveCfg = Debug|Any CPU
		{685B8A41-F742-4426-8214-DEE291B4D796}.Debug|Any CPU.Build.0 = Debug|Any CPU
		{685B8A41-F742-4426-8214-DEE291B4D796}.Release|Any CPU.ActiveCfg = Release|Any CPU
		{685B8A41-F742-4426-8214-DEE291B4D796}.Release|Any CPU.Build.0 = Release|Any CPU
	EndGlobalSection
	GlobalSection(SolutionProperties) = preSolution
		HideSolutionNode = FALSE
	EndGlobalSection
	GlobalSection(NestedProjects) = preSolution
		{A5F642A4-ACD8-499B-B3E3-0E34646E65C3} = {86EE7A5E-9B1A-4674-BB1C-01D718EFFB97}
		{58F0F63D-9AD0-4393-B4F0-35A6635B9EFA} = {C7E7F4CC-A82C-4ED1-B57B-2FE8B5DCD151}
		{1D382AFD-2940-4ADA-929D-8832F47941C9} = {25A8AC8F-B191-415D-93B1-A7F4C80CA25E}
		{3CEB7E08-07FE-4FE0-B76D-2DB4E2F83339} = {495A4BFF-87A3-4D46-8E99-247675C92353}
		{D88D1AA5-EB9A-4211-83DF-0FC4EA278A2C} = {495A4BFF-87A3-4D46-8E99-247675C92353}
		{5A2C940F-8AA9-48CB-9B59-C99099C98C06} = {495A4BFF-87A3-4D46-8E99-247675C92353}
		{139681F3-9E23-468E-AA4F-D25A8EC5578C} = {86EE7A5E-9B1A-4674-BB1C-01D718EFFB97}
		{B55F2145-E657-46DB-AD7B-B391543D7699} = {25A8AC8F-B191-415D-93B1-A7F4C80CA25E}
		{C8F3E523-EC79-42F1-B955-2AEF462F5B25} = {25A8AC8F-B191-415D-93B1-A7F4C80CA25E}
		{03A9AFB3-9FF6-4791-A6F5-8177909EC1CF} = {25A8AC8F-B191-415D-93B1-A7F4C80CA25E}
		{564D7D92-3C7D-4340-9A1F-351B391AF3FC} = {C7E7F4CC-A82C-4ED1-B57B-2FE8B5DCD151}
		{B1A97BDE-D9B5-4952-B82B-30255E1D46E4} = {C7E7F4CC-A82C-4ED1-B57B-2FE8B5DCD151}
		{71FB70DE-7F55-4DFA-BD98-ECF8B29B911C} = {C7E7F4CC-A82C-4ED1-B57B-2FE8B5DCD151}
		{5054C958-D696-4746-A88A-34C149C7B805} = {B0993071-2DC8-4A16-93A3-40BD108AC7C9}
		{C0C95340-C6C2-4668-8CAE-9ED5DCAE2A97} = {B0993071-2DC8-4A16-93A3-40BD108AC7C9}
		{C34E20E7-F87F-4A10-8517-6B5370801394} = {B0993071-2DC8-4A16-93A3-40BD108AC7C9}
		{98A1D8D8-59BA-4477-9010-0255E2C8EE63} = {B0993071-2DC8-4A16-93A3-40BD108AC7C9}
	EndGlobalSection
	GlobalSection(ExtensibilityGlobals) = postSolution
		SolutionGuid = {6FDD80E6-31B9-4519-B2A7-3C79EA8B53EC}
	EndGlobalSection
EndGlobal
